
Microsoft Visual Studio Solution File, Format Version 12.00
# Visual Studio Version 17
VisualStudioVersion = 17.9.34728.123
MinimumVisualStudioVersion = 10.0.40219.1
Project("{FAE04EC0-301F-11D3-BF4B-00C04F79EFBC}") = "ListaDeTarefas", "ListaDeTarefas.csproj", "{DDBE5291-9A80-42B6-996A-58EB5ACFF93A}"
EndProject
Global
	GlobalSection(SolutionConfigurationPlatforms) = preSolution
		Debug|Any CPU = Debug|Any CPU
		Release|Any CPU = Release|Any CPU
	EndGlobalSection
	GlobalSection(ProjectConfigurationPlatforms) = postSolution
		{DDBE5291-9A80-42B6-996A-58EB5ACFF93A}.Debug|Any CPU.ActiveCfg = Debug|Any CPU
		{DDBE5291-9A80-42B6-996A-58EB5ACFF93A}.Debug|Any CPU.Build.0 = Debug|Any CPU
		{DDBE5291-9A80-42B6-996A-58EB5ACFF93A}.Release|Any CPU.ActiveCfg = Release|Any CPU
		{DDBE5291-9A80-42B6-996A-58EB5ACFF93A}.Release|Any CPU.Build.0 = Release|Any CPU
	EndGlobalSection
	GlobalSection(SolutionProperties) = preSolution
		HideSolutionNode = FALSE
	EndGlobalSection
	GlobalSection(ExtensibilityGlobals) = postSolution
		SolutionGuid = {29A89164-38A6-45F0-B551-1E177F9133A3}
	EndGlobalSection
EndGlobal
